// !$*UTF8*$!
{
	archiveVersion = 1;
	classes = {
	};
	objectVersion = 50;
	objects = {

/* Begin PBXBuildFile section */
		959E38F325CFAD2700F5625F /* SignUpViewController.swift in Sources */ = {isa = PBXBuildFile; fileRef = 959E38F125CFAD2700F5625F /* SignUpViewController.swift */; };
		959E38F425CFAD2700F5625F /* SignUpViewController.xib in Resources */ = {isa = PBXBuildFile; fileRef = 959E38F225CFAD2700F5625F /* SignUpViewController.xib */; };
		959E38F725CFB0EB00F5625F /* BaseViewController.swift in Sources */ = {isa = PBXBuildFile; fileRef = 959E38F625CFB0EB00F5625F /* BaseViewController.swift */; };
		959E38FC25CFB20A00F5625F /* HomeViewController.swift in Sources */ = {isa = PBXBuildFile; fileRef = 959E38FA25CFB20A00F5625F /* HomeViewController.swift */; };
		959E38FD25CFB20A00F5625F /* HomeViewController.xib in Resources */ = {isa = PBXBuildFile; fileRef = 959E38FB25CFB20A00F5625F /* HomeViewController.xib */; };
		95C6558125D18BDC00E0F508 /* Post.swift in Sources */ = {isa = PBXBuildFile; fileRef = 95C6558025D18BDC00E0F508 /* Post.swift */; };
		95C6558925D18F2D00E0F508 /* PostTableViewCell1.xib in Resources */ = {isa = PBXBuildFile; fileRef = 95C6558725D18F2D00E0F508 /* PostTableViewCell1.xib */; };
		95C6559A25D1998F00E0F508 /* PostTableViewCell.swift in Sources */ = {isa = PBXBuildFile; fileRef = 95C6559825D1998F00E0F508 /* PostTableViewCell.swift */; };
		95C6559B25D1998F00E0F508 /* PostTableViewCell.xib in Resources */ = {isa = PBXBuildFile; fileRef = 95C6559925D1998F00E0F508 /* PostTableViewCell.xib */; };
		95D1CFD925CFA8B0003F7A63 /* AppDelegate.swift in Sources */ = {isa = PBXBuildFile; fileRef = 95D1CFD825CFA8B0003F7A63 /* AppDelegate.swift */; };
		95D1CFDB25CFA8B0003F7A63 /* SceneDelegate.swift in Sources */ = {isa = PBXBuildFile; fileRef = 95D1CFDA25CFA8B0003F7A63 /* SceneDelegate.swift */; };
		95D1CFE025CFA8B0003F7A63 /* Main.storyboard in Resources */ = {isa = PBXBuildFile; fileRef = 95D1CFDE25CFA8B0003F7A63 /* Main.storyboard */; };
		95D1CFE325CFA8B0003F7A63 /* instaTimeLine.xcdatamodeld in Sources */ = {isa = PBXBuildFile; fileRef = 95D1CFE125CFA8B0003F7A63 /* instaTimeLine.xcdatamodeld */; };
		95D1CFE525CFA8B1003F7A63 /* Assets.xcassets in Resources */ = {isa = PBXBuildFile; fileRef = 95D1CFE425CFA8B1003F7A63 /* Assets.xcassets */; };
		95D1CFE825CFA8B1003F7A63 /* LaunchScreen.storyboard in Resources */ = {isa = PBXBuildFile; fileRef = 95D1CFE625CFA8B1003F7A63 /* LaunchScreen.storyboard */; };
		95D1CFF625CFA8F2003F7A63 /* SignInViewController.swift in Sources */ = {isa = PBXBuildFile; fileRef = 95D1CFF425CFA8F2003F7A63 /* SignInViewController.swift */; };
		95D1CFF725CFA8F2003F7A63 /* SignInViewController.xib in Resources */ = {isa = PBXBuildFile; fileRef = 95D1CFF525CFA8F2003F7A63 /* SignInViewController.xib */; };
/* End PBXBuildFile section */

/* Begin PBXFileReference section */
		959E38F125CFAD2700F5625F /* SignUpViewController.swift */ = {isa = PBXFileReference; lastKnownFileType = sourcecode.swift; path = SignUpViewController.swift; sourceTree = "<group>"; };
		959E38F225CFAD2700F5625F /* SignUpViewController.xib */ = {isa = PBXFileReference; lastKnownFileType = file.xib; path = SignUpViewController.xib; sourceTree = "<group>"; };
		959E38F625CFB0EB00F5625F /* BaseViewController.swift */ = {isa = PBXFileReference; lastKnownFileType = sourcecode.swift; path = BaseViewController.swift; sourceTree = "<group>"; };
		959E38FA25CFB20A00F5625F /* HomeViewController.swift */ = {isa = PBXFileReference; lastKnownFileType = sourcecode.swift; path = HomeViewController.swift; sourceTree = "<group>"; };
		959E38FB25CFB20A00F5625F /* HomeViewController.xib */ = {isa = PBXFileReference; lastKnownFileType = file.xib; path = HomeViewController.xib; sourceTree = "<group>"; };
		95C6558025D18BDC00E0F508 /* Post.swift */ = {isa = PBXFileReference; lastKnownFileType = sourcecode.swift; path = Post.swift; sourceTree = "<group>"; };
		95C6558725D18F2D00E0F508 /* PostTableViewCell1.xib */ = {isa = PBXFileReference; lastKnownFileType = file.xib; path = PostTableViewCell1.xib; sourceTree = "<group>"; };
		95C6559825D1998F00E0F508 /* PostTableViewCell.swift */ = {isa = PBXFileReference; lastKnownFileType = sourcecode.swift; path = PostTableViewCell.swift; sourceTree = "<group>"; };
		95C6559925D1998F00E0F508 /* PostTableViewCell.xib */ = {isa = PBXFileReference; lastKnownFileType = file.xib; path = PostTableViewCell.xib; sourceTree = "<group>"; };
		95D1CFD525CFA8B0003F7A63 /* instaTimeLine.app */ = {isa = PBXFileReference; explicitFileType = wrapper.application; includeInIndex = 0; path = instaTimeLine.app; sourceTree = BUILT_PRODUCTS_DIR; };
		95D1CFD825CFA8B0003F7A63 /* AppDelegate.swift */ = {isa = PBXFileReference; lastKnownFileType = sourcecode.swift; path = AppDelegate.swift; sourceTree = "<group>"; };
		95D1CFDA25CFA8B0003F7A63 /* SceneDelegate.swift */ = {isa = PBXFileReference; lastKnownFileType = sourcecode.swift; path = SceneDelegate.swift; sourceTree = "<group>"; };
		95D1CFDF25CFA8B0003F7A63 /* Base */ = {isa = PBXFileReference; lastKnownFileType = file.storyboard; name = Base; path = Base.lproj/Main.storyboard; sourceTree = "<group>"; };
		95D1CFE225CFA8B0003F7A63 /* instaTimeLine.xcdatamodel */ = {isa = PBXFileReference; lastKnownFileType = wrapper.xcdatamodel; path = instaTimeLine.xcdatamodel; sourceTree = "<group>"; };
		95D1CFE425CFA8B1003F7A63 /* Assets.xcassets */ = {isa = PBXFileReference; lastKnownFileType = folder.assetcatalog; path = Assets.xcassets; sourceTree = "<group>"; };
		95D1CFE725CFA8B1003F7A63 /* Base */ = {isa = PBXFileReference; lastKnownFileType = file.storyboard; name = Base; path = Base.lproj/LaunchScreen.storyboard; sourceTree = "<group>"; };
		95D1CFE925CFA8B1003F7A63 /* Info.plist */ = {isa = PBXFileReference; lastKnownFileType = text.plist.xml; path = Info.plist; sourceTree = "<group>"; };
		95D1CFF425CFA8F2003F7A63 /* SignInViewController.swift */ = {isa = PBXFileReference; lastKnownFileType = sourcecode.swift; path = SignInViewController.swift; sourceTree = "<group>"; };
		95D1CFF525CFA8F2003F7A63 /* SignInViewController.xib */ = {isa = PBXFileReference; lastKnownFileType = file.xib; path = SignInViewController.xib; sourceTree = "<group>"; };
/* End PBXFileReference section */

/* Begin PBXFrameworksBuildPhase section */
		95D1CFD225CFA8B0003F7A63 /* Frameworks */ = {
			isa = PBXFrameworksBuildPhase;
			buildActionMask = 2147483647;
			files = (
			);
			runOnlyForDeploymentPostprocessing = 0;
		};
/* End PBXFrameworksBuildPhase section */

/* Begin PBXGroup section */
		95C6557F25D18BCA00E0F508 /* model */ = {
			isa = PBXGroup;
			children = (
				95C6558025D18BDC00E0F508 /* Post.swift */,
			);
			path = model;
			sourceTree = "<group>";
		};
		95C6558525D18EDA00E0F508 /* cell */ = {
			isa = PBXGroup;
			children = (
				95C6558725D18F2D00E0F508 /* PostTableViewCell1.xib */,
				95C6559825D1998F00E0F508 /* PostTableViewCell.swift */,
				95C6559925D1998F00E0F508 /* PostTableViewCell.xib */,
			);
			path = cell;
			sourceTree = "<group>";
		};
		95D1CFCC25CFA8B0003F7A63 = {
			isa = PBXGroup;
			children = (
				95D1CFD725CFA8B0003F7A63 /* instaTimeLine */,
				95D1CFD625CFA8B0003F7A63 /* Products */,
			);
			sourceTree = "<group>";
		};
		95D1CFD625CFA8B0003F7A63 /* Products */ = {
			isa = PBXGroup;
			children = (
				95D1CFD525CFA8B0003F7A63 /* instaTimeLine.app */,
			);
			name = Products;
			sourceTree = "<group>";
		};
		95D1CFD725CFA8B0003F7A63 /* instaTimeLine */ = {
			isa = PBXGroup;
			children = (
				95C6558525D18EDA00E0F508 /* cell */,
				95C6557F25D18BCA00E0F508 /* model */,
				95D1CFF325CFA8D6003F7A63 /* controllers */,
				95D1CFF025CFA8B9003F7A63 /* apputills */,
				95D1CFD825CFA8B0003F7A63 /* AppDelegate.swift */,
				95D1CFDA25CFA8B0003F7A63 /* SceneDelegate.swift */,
				95D1CFE925CFA8B1003F7A63 /* Info.plist */,
			);
			path = instaTimeLine;
			sourceTree = "<group>";
		};
		95D1CFF025CFA8B9003F7A63 /* apputills */ = {
			isa = PBXGroup;
			children = (
				95D1CFDE25CFA8B0003F7A63 /* Main.storyboard */,
				95D1CFE125CFA8B0003F7A63 /* instaTimeLine.xcdatamodeld */,
				95D1CFE625CFA8B1003F7A63 /* LaunchScreen.storyboard */,
				95D1CFE425CFA8B1003F7A63 /* Assets.xcassets */,
			);
			path = apputills;
			sourceTree = "<group>";
		};
		95D1CFF325CFA8D6003F7A63 /* controllers */ = {
			isa = PBXGroup;
			children = (
				959E38F625CFB0EB00F5625F /* BaseViewController.swift */,
				95D1CFF425CFA8F2003F7A63 /* SignInViewController.swift */,
				95D1CFF525CFA8F2003F7A63 /* SignInViewController.xib */,
				959E38F125CFAD2700F5625F /* SignUpViewController.swift */,
				959E38F225CFAD2700F5625F /* SignUpViewController.xib */,
				959E38FA25CFB20A00F5625F /* HomeViewController.swift */,
				959E38FB25CFB20A00F5625F /* HomeViewController.xib */,
			);
			path = controllers;
			sourceTree = "<group>";
		};
/* End PBXGroup section */

/* Begin PBXNativeTarget section */
		95D1CFD425CFA8B0003F7A63 /* instaTimeLine */ = {
			isa = PBXNativeTarget;
			buildConfigurationList = 95D1CFEC25CFA8B1003F7A63 /* Build configuration list for PBXNativeTarget "instaTimeLine" */;
			buildPhases = (
				95D1CFD125CFA8B0003F7A63 /* Sources */,
				95D1CFD225CFA8B0003F7A63 /* Frameworks */,
				95D1CFD325CFA8B0003F7A63 /* Resources */,
			);
			buildRules = (
			);
			dependencies = (
			);
			name = instaTimeLine;
			productName = instaTimeLine;
			productReference = 95D1CFD525CFA8B0003F7A63 /* instaTimeLine.app */;
			productType = "com.apple.product-type.application";
		};
/* End PBXNativeTarget section */

/* Begin PBXProject section */
		95D1CFCD25CFA8B0003F7A63 /* Project object */ = {
			isa = PBXProject;
			attributes = {
				LastSwiftUpdateCheck = 1240;
				LastUpgradeCheck = 1240;
				TargetAttributes = {
					95D1CFD425CFA8B0003F7A63 = {
						CreatedOnToolsVersion = 12.4;
					};
				};
			};
			buildConfigurationList = 95D1CFD025CFA8B0003F7A63 /* Build configuration list for PBXProject "instaTimeLine" */;
			compatibilityVersion = "Xcode 9.3";
			developmentRegion = en;
			hasScannedForEncodings = 0;
			knownRegions = (
				en,
				Base,
			);
			mainGroup = 95D1CFCC25CFA8B0003F7A63;
			productRefGroup = 95D1CFD625CFA8B0003F7A63 /* Products */;
			projectDirPath = "";
			projectRoot = "";
			targets = (
				95D1CFD425CFA8B0003F7A63 /* instaTimeLine */,
			);
		};
/* End PBXProject section */

/* Begin PBXResourcesBuildPhase section */
		95D1CFD325CFA8B0003F7A63 /* Resources */ = {
			isa = PBXResourcesBuildPhase;
			buildActionMask = 2147483647;
			files = (
				959E38F425CFAD2700F5625F /* SignUpViewController.xib in Resources */,
				95D1CFF725CFA8F2003F7A63 /* SignInViewController.xib in Resources */,
				95D1CFE825CFA8B1003F7A63 /* LaunchScreen.storyboard in Resources */,
				95D1CFE525CFA8B1003F7A63 /* Assets.xcassets in Resources */,
				95C6558925D18F2D00E0F508 /* PostTableViewCell1.xib in Resources */,
				95D1CFE025CFA8B0003F7A63 /* Main.storyboard in Resources */,
				959E38FD25CFB20A00F5625F /* HomeViewController.xib in Resources */,
				95C6559B25D1998F00E0F508 /* PostTableViewCell.xib in Resources */,
			);
			runOnlyForDeploymentPostprocessing = 0;
		};
/* End PBXResourcesBuildPhase section */

/* Begin PBXSourcesBuildPhase section */
		95D1CFD125CFA8B0003F7A63 /* Sources */ = {
			isa = PBXSourcesBuildPhase;
			buildActionMask = 2147483647;
			files = (
				95D1CFF625CFA8F2003F7A63 /* SignInViewController.swift in Sources */,
				95D1CFE325CFA8B0003F7A63 /* instaTimeLine.xcdatamodeld in Sources */,
				95D1CFD925CFA8B0003F7A63 /* AppDelegate.swift in Sources */,
				95D1CFDB25CFA8B0003F7A63 /* SceneDelegate.swift in Sources */,
				959E38F325CFAD2700F5625F /* SignUpViewController.swift in Sources */,
				95C6558125D18BDC00E0F508 /* Post.swift in Sources */,
				959E38FC25CFB20A00F5625F /* HomeViewController.swift in Sources */,
				95C6559A25D1998F00E0F508 /* PostTableViewCell.swift in Sources */,
				959E38F725CFB0EB00F5625F /* BaseViewController.swift in Sources */,
			);
			runOnlyForDeploymentPostprocessing = 0;
		};
/* End PBXSourcesBuildPhase section */

/* Begin PBXVariantGroup section */
		95D1CFDE25CFA8B0003F7A63 /* Main.storyboard */ = {
			isa = PBXVariantGroup;
			children = (
				95D1CFDF25CFA8B0003F7A63 /* Base */,
			);
			name = Main.storyboard;
			sourceTree = "<group>";
		};
		95D1CFE625CFA8B1003F7A63 /* LaunchScreen.storyboard */ = {
			isa = PBXVariantGroup;
			children = (
				95D1CFE725CFA8B1003F7A63 /* Base */,
			);
			name = LaunchScreen.storyboard;
			sourceTree = "<group>";
		};
/* End PBXVariantGroup section */

/* Begin XCBuildConfiguration section */
		95D1CFEA25CFA8B1003F7A63 /* Debug */ = {
			isa = XCBuildConfiguration;
			buildSettings = {
				ALWAYS_SEARCH_USER_PATHS = NO;
				CLANG_ANALYZER_NONNULL = YES;
				CLANG_ANALYZER_NUMBER_OBJECT_CONVERSION = YES_AGGRESSIVE;
				CLANG_CXX_LANGUAGE_STANDARD = "gnu++14";
				CLANG_CXX_LIBRARY = "libc++";
				CLANG_ENABLE_MODULES = YES;
				CLANG_ENABLE_OBJC_ARC = YES;
				CLANG_ENABLE_OBJC_WEAK = YES;
				CLANG_WARN_BLOCK_CAPTURE_AUTORELEASING = YES;
				CLANG_WARN_BOOL_CONVERSION = YES;
				CLANG_WARN_COMMA = YES;
				CLANG_WARN_CONSTANT_CONVERSION = YES;
				CLANG_WARN_DEPRECATED_OBJC_IMPLEMENTATIONS = YES;
				CLANG_WARN_DIRECT_OBJC_ISA_USAGE = YES_ERROR;
				CLANG_WARN_DOCUMENTATION_COMMENTS = YES;
				CLANG_WARN_EMPTY_BODY = YES;
				CLANG_WARN_ENUM_CONVERSION = YES;
				CLANG_WARN_INFINITE_RECURSION = YES;
				CLANG_WARN_INT_CONVERSION = YES;
				CLANG_WARN_NON_LITERAL_NULL_CONVERSION = YES;
				CLANG_WARN_OBJC_IMPLICIT_RETAIN_SELF = YES;
				CLANG_WARN_OBJC_LITERAL_CONVERSION = YES;
				CLANG_WARN_OBJC_ROOT_CLASS = YES_ERROR;
				CLANG_WARN_QUOTED_INCLUDE_IN_FRAMEWORK_HEADER = YES;
				CLANG_WARN_RANGE_LOOP_ANALYSIS = YES;
				CLANG_WARN_STRICT_PROTOTYPES = YES;
				CLANG_WARN_SUSPICIOUS_MOVE = YES;
				CLANG_WARN_UNGUARDED_AVAILABILITY = YES_AGGRESSIVE;
				CLANG_WARN_UNREACHABLE_CODE = YES;
				CLANG_WARN__DUPLICATE_METHOD_MATCH = YES;
				COPY_PHASE_STRIP = NO;
				DEBUG_INFORMATION_FORMAT = dwarf;
				ENABLE_STRICT_OBJC_MSGSEND = YES;
				ENABLE_TESTABILITY = YES;
				GCC_C_LANGUAGE_STANDARD = gnu11;
				GCC_DYNAMIC_NO_PIC = NO;
				GCC_NO_COMMON_BLOCKS = YES;
				GCC_OPTIMIZATION_LEVEL = 0;
				GCC_PREPROCESSOR_DEFINITIONS = (
					"DEBUG=1",
					"$(inherited)",
				);
				GCC_WARN_64_TO_32_BIT_CONVERSION = YES;
				GCC_WARN_ABOUT_RETURN_TYPE = YES_ERROR;
				GCC_WARN_UNDECLARED_SELECTOR = YES;
				GCC_WARN_UNINITIALIZED_AUTOS = YES_AGGRESSIVE;
				GCC_WARN_UNUSED_FUNCTION = YES;
				GCC_WARN_UNUSED_VARIABLE = YES;
				IPHONEOS_DEPLOYMENT_TARGET = 14.4;
				MTL_ENABLE_DEBUG_INFO = INCLUDE_SOURCE;
				MTL_FAST_MATH = YES;
				ONLY_ACTIVE_ARCH = YES;
				SDKROOT = iphoneos;
				SWIFT_ACTIVE_COMPILATION_CONDITIONS = DEBUG;
				SWIFT_OPTIMIZATION_LEVEL = "-Onone";
			};
			name = Debug;
		};
		95D1CFEB25CFA8B1003F7A63 /* Release */ = {
			isa = XCBuildConfiguration;
			buildSettings = {
				ALWAYS_SEARCH_USER_PATHS = NO;
				CLANG_ANALYZER_NONNULL = YES;
				CLANG_ANALYZER_NUMBER_OBJECT_CONVERSION = YES_AGGRESSIVE;
				CLANG_CXX_LANGUAGE_STANDARD = "gnu++14";
				CLANG_CXX_LIBRARY = "libc++";
				CLANG_ENABLE_MODULES = YES;
				CLANG_ENABLE_OBJC_ARC = YES;
				CLANG_ENABLE_OBJC_WEAK = YES;
				CLANG_WARN_BLOCK_CAPTURE_AUTORELEASING = YES;
				CLANG_WARN_BOOL_CONVERSION = YES;
				CLANG_WARN_COMMA = YES;
				CLANG_WARN_CONSTANT_CONVERSION = YES;
				CLANG_WARN_DEPRECATED_OBJC_IMPLEMENTATIONS = YES;
				CLANG_WARN_DIRECT_OBJC_ISA_USAGE = YES_ERROR;
				CLANG_WARN_DOCUMENTATION_COMMENTS = YES;
				CLANG_WARN_EMPTY_BODY = YES;
				CLANG_WARN_ENUM_CONVERSION = YES;
				CLANG_WARN_INFINITE_RECURSION = YES;
				CLANG_WARN_INT_CONVERSION = YES;
				CLANG_WARN_NON_LITERAL_NULL_CONVERSION = YES;
				CLANG_WARN_OBJC_IMPLICIT_RETAIN_SELF = YES;
				CLANG_WARN_OBJC_LITERAL_CONVERSION = YES;
				CLANG_WARN_OBJC_ROOT_CLASS = YES_ERROR;
				CLANG_WARN_QUOTED_INCLUDE_IN_FRAMEWORK_HEADER = YES;
				CLANG_WARN_RANGE_LOOP_ANALYSIS = YES;
				CLANG_WARN_STRICT_PROTOTYPES = YES;
				CLANG_WARN_SUSPICIOUS_MOVE = YES;
				CLANG_WARN_UNGUARDED_AVAILABILITY = YES_AGGRESSIVE;
				CLANG_WARN_UNREACHABLE_CODE = YES;
				CLANG_WARN__DUPLICATE_METHOD_MATCH = YES;
				COPY_PHASE_STRIP = NO;
				DEBUG_INFORMATION_FORMAT = "dwarf-with-dsym";
				ENABLE_NS_ASSERTIONS = NO;
				ENABLE_STRICT_OBJC_MSGSEND = YES;
				GCC_C_LANGUAGE_STANDARD = gnu11;
				GCC_NO_COMMON_BLOCKS = YES;
				GCC_WARN_64_TO_32_BIT_CONVERSION = YES;
				GCC_WARN_ABOUT_RETURN_TYPE = YES_ERROR;
				GCC_WARN_UNDECLARED_SELECTOR = YES;
				GCC_WARN_UNINITIALIZED_AUTOS = YES_AGGRESSIVE;
				GCC_WARN_UNUSED_FUNCTION = YES;
				GCC_WARN_UNUSED_VARIABLE = YES;
				IPHONEOS_DEPLOYMENT_TARGET = 14.4;
				MTL_ENABLE_DEBUG_INFO = NO;
				MTL_FAST_MATH = YES;
				SDKROOT = iphoneos;
				SWIFT_COMPILATION_MODE = wholemodule;
				SWIFT_OPTIMIZATION_LEVEL = "-O";
				VALIDATE_PRODUCT = YES;
			};
			name = Release;
		};
		95D1CFED25CFA8B1003F7A63 /* Debug */ = {
			isa = XCBuildConfiguration;
			buildSettings = {
				ASSETCATALOG_COMPILER_APPICON_NAME = AppIcon;
				ASSETCATALOG_COMPILER_GLOBAL_ACCENT_COLOR_NAME = AccentColor;
				CODE_SIGN_STYLE = Automatic;
				DEVELOPMENT_TEAM = V5733424RR;
				INFOPLIST_FILE = instaTimeLine/Info.plist;
				LD_RUNPATH_SEARCH_PATHS = (
					"$(inherited)",
					"@executable_path/Frameworks",
				);
				PRODUCT_BUNDLE_IDENTIFIER = com.negmatov.instaTimeLine;
				PRODUCT_NAME = "$(TARGET_NAME)";
				SWIFT_VERSION = 5.0;
				TARGETED_DEVICE_FAMILY = "1,2";
			};
			name = Debug;
		};
		95D1CFEE25CFA8B1003F7A63 /* Release */ = {
			isa = XCBuildConfiguration;
			buildSettings = {
				ASSETCATALOG_COMPILER_APPICON_NAME = AppIcon;
				ASSETCATALOG_COMPILER_GLOBAL_ACCENT_COLOR_NAME = AccentColor;
				CODE_SIGN_STYLE = Automatic;
				DEVELOPMENT_TEAM = V5733424RR;
				INFOPLIST_FILE = instaTimeLine/Info.plist;
				LD_RUNPATH_SEARCH_PATHS = (
					"$(inherited)",
					"@executable_path/Frameworks",
				);
				PRODUCT_BUNDLE_IDENTIFIER = com.negmatov.instaTimeLine;
				PRODUCT_NAME = "$(TARGET_NAME)";
				SWIFT_VERSION = 5.0;
				TARGETED_DEVICE_FAMILY = "1,2";
			};
			name = Release;
		};
/* End XCBuildConfiguration section */

/* Begin XCConfigurationList section */
		95D1CFD025CFA8B0003F7A63 /* Build configuration list for PBXProject "instaTimeLine" */ = {
			isa = XCConfigurationList;
			buildConfigurations = (
				95D1CFEA25CFA8B1003F7A63 /* Debug */,
				95D1CFEB25CFA8B1003F7A63 /* Release */,
			);
			defaultConfigurationIsVisible = 0;
			defaultConfigurationName = Release;
		};
		95D1CFEC25CFA8B1003F7A63 /* Build configuration list for PBXNativeTarget "instaTimeLine" */ = {
			isa = XCConfigurationList;
			buildConfigurations = (
				95D1CFED25CFA8B1003F7A63 /* Debug */,
				95D1CFEE25CFA8B1003F7A63 /* Release */,
			);
			defaultConfigurationIsVisible = 0;
			defaultConfigurationName = Release;
		};
/* End XCConfigurationList section */

/* Begin XCVersionGroup section */
		95D1CFE125CFA8B0003F7A63 /* instaTimeLine.xcdatamodeld */ = {
			isa = XCVersionGroup;
			children = (
				95D1CFE225CFA8B0003F7A63 /* instaTimeLine.xcdatamodel */,
			);
			currentVersion = 95D1CFE225CFA8B0003F7A63 /* instaTimeLine.xcdatamodel */;
			path = instaTimeLine.xcdatamodeld;
			sourceTree = "<group>";
			versionGroupType = wrapper.xcdatamodel;
		};
/* End XCVersionGroup section */
	};
	rootObject = 95D1CFCD25CFA8B0003F7A63 /* Project object */;
}
